{
  "pins" : [
    {
      "identity" : "aitbase",
      "kind" : "remoteSourceControl",
      "location" : "https://github.com/PT-Akar-Inti-Teknologi/AITBase",
      "state" : {
        "revision" : "1e40ab0faedf780c868e2fe262ee5d6cf9a9c7fa",
        "version" : "1.0.1"
      }
    },
    {
      "identity" : "lbtatools",
      "kind" : "remoteSourceControl",
      "location" : "https://github.com/bhlvoong/LBTATools",
      "state" : {
        "revision" : "dce147bfbdc0417a4b430ec220c088629e9dc81d",
        "version" : "1.0.17"
      }
    },
    {
      "identity" : "snapkit",
      "kind" : "remoteSourceControl",
      "location" : "https://github.com/SnapKit/SnapKit",
      "state" : {
        "revision" : "f222cbdf325885926566172f6f5f06af95473158",
        "version" : "5.6.0"
      }
    }
  ],
  "version" : 2
}
