// !$*UTF8*$!
{
	archiveVersion = 1;
	classes = {
	};
	objectVersion = 56;
	objects = {

/* Begin PBXBuildFile section */
		95014FFC2951C8840082CE47 /* AITBase in Frameworks */ = {isa = PBXBuildFile; productRef = 95014FFB2951C8840082CE47 /* AITBase */; };
		9543D875292BD3840036998F /* Localizable.strings in Resources */ = {isa = PBXBuildFile; fileRef = 9543D873292BD3840036998F /* Localizable.strings */; };
		954B8766292BC5A3005F2ACB /* LBTATools in Frameworks */ = {isa = PBXBuildFile; productRef = 954B8765292BC5A3005F2ACB /* LBTATools */; };
		954B876B292BC624005F2ACB /* UIView+Layout.swift in Sources */ = {isa = PBXBuildFile; fileRef = 954B876A292BC624005F2ACB /* UIView+Layout.swift */; };
		954B876F292BC660005F2ACB /* BaseViewController.swift in Sources */ = {isa = PBXBuildFile; fileRef = 954B876E292BC660005F2ACB /* BaseViewController.swift */; };
		95ECB91D292BCC5B00B59E0A /* CustomizableNavigation.swift in Sources */ = {isa = PBXBuildFile; fileRef = 95ECB91C292BCC5B00B59E0A /* CustomizableNavigation.swift */; };
		95ECB926292BCCFC00B59E0A /* SnapKit in Frameworks */ = {isa = PBXBuildFile; productRef = 95ECB925292BCCFC00B59E0A /* SnapKit */; };
		95ECB92C292BCDF200B59E0A /* ViewLayout.swift in Sources */ = {isa = PBXBuildFile; fileRef = 95ECB92B292BCDF200B59E0A /* ViewLayout.swift */; };
		95ECB937292BCFD900B59E0A /* Localizable.strings in Resources */ = {isa = PBXBuildFile; fileRef = 95ECB935292BCFD900B59E0A /* Localizable.strings */; };
		95F252D5292B152900F61EFD /* AppDelegate.swift in Sources */ = {isa = PBXBuildFile; fileRef = 95F252D4292B152900F61EFD /* AppDelegate.swift */; };
		95F252D9292B152900F61EFD /* ViewController.swift in Sources */ = {isa = PBXBuildFile; fileRef = 95F252D8292B152900F61EFD /* ViewController.swift */; };
		95F252DE292B152D00F61EFD /* Assets.xcassets in Resources */ = {isa = PBXBuildFile; fileRef = 95F252DD292B152D00F61EFD /* Assets.xcassets */; };
		95F252E1292B152D00F61EFD /* LaunchScreen.storyboard in Resources */ = {isa = PBXBuildFile; fileRef = 95F252DF292B152D00F61EFD /* LaunchScreen.storyboard */; };
/* End PBXBuildFile section */

/* Begin PBXFileReference section */
		9543D874292BD3840036998F /* en */ = {isa = PBXFileReference; lastKnownFileType = text.plist.strings; name = en; path = Localizable.strings; sourceTree = "<group>"; };
		954B876A292BC624005F2ACB /* UIView+Layout.swift */ = {isa = PBXFileReference; lastKnownFileType = sourcecode.swift; path = "UIView+Layout.swift"; sourceTree = "<group>"; };
		954B876E292BC660005F2ACB /* BaseViewController.swift */ = {isa = PBXFileReference; lastKnownFileType = sourcecode.swift; path = BaseViewController.swift; sourceTree = "<group>"; };
		95ECB91C292BCC5B00B59E0A /* CustomizableNavigation.swift */ = {isa = PBXFileReference; lastKnownFileType = sourcecode.swift; path = CustomizableNavigation.swift; sourceTree = "<group>"; };
		95ECB92B292BCDF200B59E0A /* ViewLayout.swift */ = {isa = PBXFileReference; lastKnownFileType = sourcecode.swift; path = ViewLayout.swift; sourceTree = "<group>"; };
		95ECB936292BCFD900B59E0A /* id */ = {isa = PBXFileReference; lastKnownFileType = text.plist.strings; name = id; path = Localizable.strings; sourceTree = "<group>"; };
		95F252D1292B152900F61EFD /* ait_template_lbtatools.app */ = {isa = PBXFileReference; explicitFileType = wrapper.application; includeInIndex = 0; path = ait_template_lbtatools.app; sourceTree = BUILT_PRODUCTS_DIR; };
		95F252D4292B152900F61EFD /* AppDelegate.swift */ = {isa = PBXFileReference; lastKnownFileType = sourcecode.swift; path = AppDelegate.swift; sourceTree = "<group>"; };
		95F252D8292B152900F61EFD /* ViewController.swift */ = {isa = PBXFileReference; lastKnownFileType = sourcecode.swift; path = ViewController.swift; sourceTree = "<group>"; };
		95F252DD292B152D00F61EFD /* Assets.xcassets */ = {isa = PBXFileReference; lastKnownFileType = folder.assetcatalog; path = Assets.xcassets; sourceTree = "<group>"; };
		95F252E0292B152D00F61EFD /* Base */ = {isa = PBXFileReference; lastKnownFileType = file.storyboard; name = Base; path = Base.lproj/LaunchScreen.storyboard; sourceTree = "<group>"; };
		95F252E2292B152D00F61EFD /* Info.plist */ = {isa = PBXFileReference; lastKnownFileType = text.plist.xml; path = Info.plist; sourceTree = "<group>"; };
/* End PBXFileReference section */

/* Begin PBXFrameworksBuildPhase section */
		95F252CE292B152900F61EFD /* Frameworks */ = {
			isa = PBXFrameworksBuildPhase;
			buildActionMask = 2147483647;
			files = (
				95014FFC2951C8840082CE47 /* AITBase in Frameworks */,
				954B8766292BC5A3005F2ACB /* LBTATools in Frameworks */,
				95ECB926292BCCFC00B59E0A /* SnapKit in Frameworks */,
			);
			runOnlyForDeploymentPostprocessing = 0;
		};
/* End PBXFrameworksBuildPhase section */

/* Begin PBXGroup section */
		954B8767292BC5D1005F2ACB /* Utils */ = {
			isa = PBXGroup;
			children = (
				954B8770292BC6A8005F2ACB /* ThirdParty */,
				954B8768292BC5D7005F2ACB /* Helpers */,
			);
			path = Utils;
			sourceTree = "<group>";
		};
		954B8768292BC5D7005F2ACB /* Helpers */ = {
			isa = PBXGroup;
			children = (
				954B8769292BC5DD005F2ACB /* LBTATools */,
			);
			path = Helpers;
			sourceTree = "<group>";
		};
		954B8769292BC5DD005F2ACB /* LBTATools */ = {
			isa = PBXGroup;
			children = (
				954B876A292BC624005F2ACB /* UIView+Layout.swift */,
			);
			path = LBTATools;
			sourceTree = "<group>";
		};
		954B876C292BC64A005F2ACB /* Controllers */ = {
			isa = PBXGroup;
			children = (
				95ECB92A292BCDE100B59E0A /* Layout */,
				954B876D292BC651005F2ACB /* Base */,
				95F252D8292B152900F61EFD /* ViewController.swift */,
			);
			path = Controllers;
			sourceTree = "<group>";
		};
		954B876D292BC651005F2ACB /* Base */ = {
			isa = PBXGroup;
			children = (
				954B876E292BC660005F2ACB /* BaseViewController.swift */,
			);
			path = Base;
			sourceTree = "<group>";
		};
		954B8770292BC6A8005F2ACB /* ThirdParty */ = {
			isa = PBXGroup;
			children = (
				95ECB91C292BCC5B00B59E0A /* CustomizableNavigation.swift */,
			);
			path = ThirdParty;
			sourceTree = "<group>";
		};
		95ECB91E292BCC7300B59E0A /* Views */ = {
			isa = PBXGroup;
			children = (
			);
			path = Views;
			sourceTree = "<group>";
		};
		95ECB927292BCD5400B59E0A /* Assets */ = {
			isa = PBXGroup;
			children = (
				95F252DD292B152D00F61EFD /* Assets.xcassets */,
			);
			path = Assets;
			sourceTree = "<group>";
		};
		95ECB928292BCD5E00B59E0A /* Others */ = {
			isa = PBXGroup;
			children = (
				95F252E2292B152D00F61EFD /* Info.plist */,
				95F252D4292B152900F61EFD /* AppDelegate.swift */,
			);
			path = Others;
			sourceTree = "<group>";
		};
		95ECB929292BCD6700B59E0A /* Storyboards */ = {
			isa = PBXGroup;
			children = (
				95F252DF292B152D00F61EFD /* LaunchScreen.storyboard */,
			);
			path = Storyboards;
			sourceTree = "<group>";
		};
		95ECB92A292BCDE100B59E0A /* Layout */ = {
			isa = PBXGroup;
			children = (
				95ECB92B292BCDF200B59E0A /* ViewLayout.swift */,
			);
			path = Layout;
			sourceTree = "<group>";
		};
		95ECB92E292BCF7B00B59E0A /* Constants */ = {
			isa = PBXGroup;
			children = (
			);
			path = Constants;
			sourceTree = "<group>";
		};
		95ECB92F292BCF9B00B59E0A /* Localizable */ = {
			isa = PBXGroup;
			children = (
				95ECB931292BCFA900B59E0A /* id.lproj */,
				95ECB930292BCFA100B59E0A /* en.lproj */,
			);
			path = Localizable;
			sourceTree = "<group>";
		};
		95ECB930292BCFA100B59E0A /* en.lproj */ = {
			isa = PBXGroup;
			children = (
				9543D873292BD3840036998F /* Localizable.strings */,
			);
			path = en.lproj;
			sourceTree = "<group>";
		};
		95ECB931292BCFA900B59E0A /* id.lproj */ = {
			isa = PBXGroup;
			children = (
				95ECB935292BCFD900B59E0A /* Localizable.strings */,
			);
			path = id.lproj;
			sourceTree = "<group>";
		};
		95F252C8292B152900F61EFD = {
			isa = PBXGroup;
			children = (
				95F252D3292B152900F61EFD /* ait_template_lbtatools */,
				95F252D2292B152900F61EFD /* Products */,
			);
			sourceTree = "<group>";
		};
		95F252D2292B152900F61EFD /* Products */ = {
			isa = PBXGroup;
			children = (
				95F252D1292B152900F61EFD /* ait_template_lbtatools.app */,
			);
			name = Products;
			sourceTree = "<group>";
		};
		95F252D3292B152900F61EFD /* ait_template_lbtatools */ = {
			isa = PBXGroup;
			children = (
				95ECB927292BCD5400B59E0A /* Assets */,
				95ECB92E292BCF7B00B59E0A /* Constants */,
				954B876C292BC64A005F2ACB /* Controllers */,
				95ECB92F292BCF9B00B59E0A /* Localizable */,
				95ECB928292BCD5E00B59E0A /* Others */,
				95ECB929292BCD6700B59E0A /* Storyboards */,
				954B8767292BC5D1005F2ACB /* Utils */,
				95ECB91E292BCC7300B59E0A /* Views */,
			);
			path = ait_template_lbtatools;
			sourceTree = "<group>";
		};
/* End PBXGroup section */

/* Begin PBXNativeTarget section */
		95F252D0292B152900F61EFD /* ait_template_lbtatools */ = {
			isa = PBXNativeTarget;
			buildConfigurationList = 95F252E5292B152D00F61EFD /* Build configuration list for PBXNativeTarget "ait_template_lbtatools" */;
			buildPhases = (
				95ECB92D292BCF5700B59E0A /* SwiftGen */,
				9543D876292BD3E90036998F /* Swiftlint */,
				95F252CD292B152900F61EFD /* Sources */,
				95F252CE292B152900F61EFD /* Frameworks */,
				95F252CF292B152900F61EFD /* Resources */,
			);
			buildRules = (
			);
			dependencies = (
			);
			name = ait_template_lbtatools;
			packageProductDependencies = (
				954B8765292BC5A3005F2ACB /* LBTATools */,
				95ECB925292BCCFC00B59E0A /* SnapKit */,
				95014FFB2951C8840082CE47 /* AITBase */,
			);
			productName = ait_template_lbtatools;
			productReference = 95F252D1292B152900F61EFD /* ait_template_lbtatools.app */;
			productType = "com.apple.product-type.application";
		};
/* End PBXNativeTarget section */

/* Begin PBXProject section */
		95F252C9292B152900F61EFD /* Project object */ = {
			isa = PBXProject;
			attributes = {
				BuildIndependentTargetsInParallel = 1;
				LastSwiftUpdateCheck = 1410;
				LastUpgradeCheck = 1410;
				TargetAttributes = {
					95F252D0292B152900F61EFD = {
						CreatedOnToolsVersion = 14.1;
					};
				};
			};
			buildConfigurationList = 95F252CC292B152900F61EFD /* Build configuration list for PBXProject "ait_template_lbtatools" */;
			compatibilityVersion = "Xcode 14.0";
			developmentRegion = en;
			hasScannedForEncodings = 0;
			knownRegions = (
				en,
				Base,
				id,
			);
			mainGroup = 95F252C8292B152900F61EFD;
			packageReferences = (
				954B8764292BC5A3005F2ACB /* XCRemoteSwiftPackageReference "LBTATools" */,
				95ECB924292BCCFC00B59E0A /* XCRemoteSwiftPackageReference "SnapKit" */,
				95014FFA2951C8840082CE47 /* XCRemoteSwiftPackageReference "AITBase" */,
			);
			productRefGroup = 95F252D2292B152900F61EFD /* Products */;
			projectDirPath = "";
			projectRoot = "";
			targets = (
				95F252D0292B152900F61EFD /* ait_template_lbtatools */,
			);
		};
/* End PBXProject section */

/* Begin PBXResourcesBuildPhase section */
		95F252CF292B152900F61EFD /* Resources */ = {
			isa = PBXResourcesBuildPhase;
			buildActionMask = 2147483647;
			files = (
				95F252E1292B152D00F61EFD /* LaunchScreen.storyboard in Resources */,
				9543D875292BD3840036998F /* Localizable.strings in Resources */,
				95ECB937292BCFD900B59E0A /* Localizable.strings in Resources */,
				95F252DE292B152D00F61EFD /* Assets.xcassets in Resources */,
			);
			runOnlyForDeploymentPostprocessing = 0;
		};
/* End PBXResourcesBuildPhase section */

/* Begin PBXShellScriptBuildPhase section */
		9543D876292BD3E90036998F /* Swiftlint */ = {
			isa = PBXShellScriptBuildPhase;
			alwaysOutOfDate = 1;
			buildActionMask = 2147483647;
			files = (
			);
			inputFileListPaths = (
			);
			inputPaths = (
			);
			name = Swiftlint;
			outputFileListPaths = (
			);
			outputPaths = (
			);
			runOnlyForDeploymentPostprocessing = 0;
			shellPath = /bin/sh;
			shellScript = "if command -v tools/swiftlint-0.39.2/swiftlint >/dev/null; then\ntools/swiftlint-0.39.2/swiftlint\nelse\necho \"warning: SwiftLint not installed, download from https://github.com/realm/SwiftLint\"\nfi\n";
		};
		95ECB92D292BCF5700B59E0A /* SwiftGen */ = {
			isa = PBXShellScriptBuildPhase;
			alwaysOutOfDate = 1;
			buildActionMask = 2147483647;
			files = (
			);
			inputFileListPaths = (
			);
			inputPaths = (
			);
			name = SwiftGen;
			outputFileListPaths = (
			);
			outputPaths = (
			);
			runOnlyForDeploymentPostprocessing = 0;
			shellPath = /bin/sh;
			shellScript = "$PROJECT_DIR/tools/swiftgen-6.1.0/bin/swiftgen xcassets -t swift4 \"$PROJECT_DIR/$PROJECT_NAME/Assets/Assets.xcassets\" --output \"$PROJECT_DIR/$PROJECT_NAME/Constants/Images.swift\"\n$PROJECT_DIR/tools/swiftgen-6.1.0/bin/swiftgen strings -t structured-swift4-localizable \"$PROJECT_DIR/$PROJECT_NAME/Localizable/id.lproj/Localizable.strings\" --output \"$PROJECT_DIR/$PROJECT_NAME/Constants/Localized.swift\"\n";
		};
/* End PBXShellScriptBuildPhase section */

/* Begin PBXSourcesBuildPhase section */
		95F252CD292B152900F61EFD /* Sources */ = {
			isa = PBXSourcesBuildPhase;
			buildActionMask = 2147483647;
			files = (
				95F252D9292B152900F61EFD /* ViewController.swift in Sources */,
				954B876F292BC660005F2ACB /* BaseViewController.swift in Sources */,
				95F252D5292B152900F61EFD /* AppDelegate.swift in Sources */,
				95ECB92C292BCDF200B59E0A /* ViewLayout.swift in Sources */,
				954B876B292BC624005F2ACB /* UIView+Layout.swift in Sources */,
				95ECB91D292BCC5B00B59E0A /* CustomizableNavigation.swift in Sources */,
			);
			runOnlyForDeploymentPostprocessing = 0;
		};
/* End PBXSourcesBuildPhase section */

/* Begin PBXVariantGroup section */
		9543D873292BD3840036998F /* Localizable.strings */ = {
			isa = PBXVariantGroup;
			children = (
				9543D874292BD3840036998F /* en */,
			);
			name = Localizable.strings;
			sourceTree = "<group>";
		};
		95ECB935292BCFD900B59E0A /* Localizable.strings */ = {
			isa = PBXVariantGroup;
			children = (
				95ECB936292BCFD900B59E0A /* id */,
			);
			name = Localizable.strings;
			sourceTree = "<group>";
		};
		95F252DF292B152D00F61EFD /* LaunchScreen.storyboard */ = {
			isa = PBXVariantGroup;
			children = (
				95F252E0292B152D00F61EFD /* Base */,
			);
			name = LaunchScreen.storyboard;
			sourceTree = "<group>";
		};
/* End PBXVariantGroup section */

/* Begin XCBuildConfiguration section */
		95F252E3292B152D00F61EFD /* Debug */ = {
			isa = XCBuildConfiguration;
			buildSettings = {
				ALWAYS_SEARCH_USER_PATHS = NO;
				CLANG_ANALYZER_NONNULL = YES;
				CLANG_ANALYZER_NUMBER_OBJECT_CONVERSION = YES_AGGRESSIVE;
				CLANG_CXX_LANGUAGE_STANDARD = "gnu++20";
				CLANG_ENABLE_MODULES = YES;
				CLANG_ENABLE_OBJC_ARC = YES;
				CLANG_ENABLE_OBJC_WEAK = YES;
				CLANG_WARN_BLOCK_CAPTURE_AUTORELEASING = YES;
				CLANG_WARN_BOOL_CONVERSION = YES;
				CLANG_WARN_COMMA = YES;
				CLANG_WARN_CONSTANT_CONVERSION = YES;
				CLANG_WARN_DEPRECATED_OBJC_IMPLEMENTATIONS = YES;
				CLANG_WARN_DIRECT_OBJC_ISA_USAGE = YES_ERROR;
				CLANG_WARN_DOCUMENTATION_COMMENTS = YES;
				CLANG_WARN_EMPTY_BODY = YES;
				CLANG_WARN_ENUM_CONVERSION = YES;
				CLANG_WARN_INFINITE_RECURSION = YES;
				CLANG_WARN_INT_CONVERSION = YES;
				CLANG_WARN_NON_LITERAL_NULL_CONVERSION = YES;
				CLANG_WARN_OBJC_IMPLICIT_RETAIN_SELF = YES;
				CLANG_WARN_OBJC_LITERAL_CONVERSION = YES;
				CLANG_WARN_OBJC_ROOT_CLASS = YES_ERROR;
				CLANG_WARN_QUOTED_INCLUDE_IN_FRAMEWORK_HEADER = YES;
				CLANG_WARN_RANGE_LOOP_ANALYSIS = YES;
				CLANG_WARN_STRICT_PROTOTYPES = YES;
				CLANG_WARN_SUSPICIOUS_MOVE = YES;
				CLANG_WARN_UNGUARDED_AVAILABILITY = YES_AGGRESSIVE;
				CLANG_WARN_UNREACHABLE_CODE = YES;
				CLANG_WARN__DUPLICATE_METHOD_MATCH = YES;
				COPY_PHASE_STRIP = NO;
				DEBUG_INFORMATION_FORMAT = dwarf;
				ENABLE_STRICT_OBJC_MSGSEND = YES;
				ENABLE_TESTABILITY = YES;
				GCC_C_LANGUAGE_STANDARD = gnu11;
				GCC_DYNAMIC_NO_PIC = NO;
				GCC_NO_COMMON_BLOCKS = YES;
				GCC_OPTIMIZATION_LEVEL = 0;
				GCC_PREPROCESSOR_DEFINITIONS = (
					"DEBUG=1",
					"$(inherited)",
				);
				GCC_WARN_64_TO_32_BIT_CONVERSION = YES;
				GCC_WARN_ABOUT_RETURN_TYPE = YES_ERROR;
				GCC_WARN_UNDECLARED_SELECTOR = YES;
				GCC_WARN_UNINITIALIZED_AUTOS = YES_AGGRESSIVE;
				GCC_WARN_UNUSED_FUNCTION = YES;
				GCC_WARN_UNUSED_VARIABLE = YES;
				IPHONEOS_DEPLOYMENT_TARGET = 16.1;
				MTL_ENABLE_DEBUG_INFO = INCLUDE_SOURCE;
				MTL_FAST_MATH = YES;
				ONLY_ACTIVE_ARCH = YES;
				SDKROOT = iphoneos;
				SWIFT_ACTIVE_COMPILATION_CONDITIONS = DEBUG;
				SWIFT_OPTIMIZATION_LEVEL = "-Onone";
			};
			name = Debug;
		};
		95F252E4292B152D00F61EFD /* Release */ = {
			isa = XCBuildConfiguration;
			buildSettings = {
				ALWAYS_SEARCH_USER_PATHS = NO;
				CLANG_ANALYZER_NONNULL = YES;
				CLANG_ANALYZER_NUMBER_OBJECT_CONVERSION = YES_AGGRESSIVE;
				CLANG_CXX_LANGUAGE_STANDARD = "gnu++20";
				CLANG_ENABLE_MODULES = YES;
				CLANG_ENABLE_OBJC_ARC = YES;
				CLANG_ENABLE_OBJC_WEAK = YES;
				CLANG_WARN_BLOCK_CAPTURE_AUTORELEASING = YES;
				CLANG_WARN_BOOL_CONVERSION = YES;
				CLANG_WARN_COMMA = YES;
				CLANG_WARN_CONSTANT_CONVERSION = YES;
				CLANG_WARN_DEPRECATED_OBJC_IMPLEMENTATIONS = YES;
				CLANG_WARN_DIRECT_OBJC_ISA_USAGE = YES_ERROR;
				CLANG_WARN_DOCUMENTATION_COMMENTS = YES;
				CLANG_WARN_EMPTY_BODY = YES;
				CLANG_WARN_ENUM_CONVERSION = YES;
				CLANG_WARN_INFINITE_RECURSION = YES;
				CLANG_WARN_INT_CONVERSION = YES;
				CLANG_WARN_NON_LITERAL_NULL_CONVERSION = YES;
				CLANG_WARN_OBJC_IMPLICIT_RETAIN_SELF = YES;
				CLANG_WARN_OBJC_LITERAL_CONVERSION = YES;
				CLANG_WARN_OBJC_ROOT_CLASS = YES_ERROR;
				CLANG_WARN_QUOTED_INCLUDE_IN_FRAMEWORK_HEADER = YES;
				CLANG_WARN_RANGE_LOOP_ANALYSIS = YES;
				CLANG_WARN_STRICT_PROTOTYPES = YES;
				CLANG_WARN_SUSPICIOUS_MOVE = YES;
				CLANG_WARN_UNGUARDED_AVAILABILITY = YES_AGGRESSIVE;
				CLANG_WARN_UNREACHABLE_CODE = YES;
				CLANG_WARN__DUPLICATE_METHOD_MATCH = YES;
				COPY_PHASE_STRIP = NO;
				DEBUG_INFORMATION_FORMAT = "dwarf-with-dsym";
				ENABLE_NS_ASSERTIONS = NO;
				ENABLE_STRICT_OBJC_MSGSEND = YES;
				GCC_C_LANGUAGE_STANDARD = gnu11;
				GCC_NO_COMMON_BLOCKS = YES;
				GCC_WARN_64_TO_32_BIT_CONVERSION = YES;
				GCC_WARN_ABOUT_RETURN_TYPE = YES_ERROR;
				GCC_WARN_UNDECLARED_SELECTOR = YES;
				GCC_WARN_UNINITIALIZED_AUTOS = YES_AGGRESSIVE;
				GCC_WARN_UNUSED_FUNCTION = YES;
				GCC_WARN_UNUSED_VARIABLE = YES;
				IPHONEOS_DEPLOYMENT_TARGET = 16.1;
				MTL_ENABLE_DEBUG_INFO = NO;
				MTL_FAST_MATH = YES;
				SDKROOT = iphoneos;
				SWIFT_COMPILATION_MODE = wholemodule;
				SWIFT_OPTIMIZATION_LEVEL = "-O";
				VALIDATE_PRODUCT = YES;
			};
			name = Release;
		};
		95F252E6292B152D00F61EFD /* Debug */ = {
			isa = XCBuildConfiguration;
			buildSettings = {
				ASSETCATALOG_COMPILER_APPICON_NAME = AppIcon;
				ASSETCATALOG_COMPILER_GLOBAL_ACCENT_COLOR_NAME = AccentColor;
				CODE_SIGN_STYLE = Automatic;
				CURRENT_PROJECT_VERSION = 1;
				GENERATE_INFOPLIST_FILE = YES;
				INFOPLIST_FILE = ait_template_lbtatools/Others/Info.plist;
				INFOPLIST_KEY_UIApplicationSupportsIndirectInputEvents = YES;
				INFOPLIST_KEY_UILaunchStoryboardName = LaunchScreen;
				INFOPLIST_KEY_UIMainStoryboardFile = "";
				INFOPLIST_KEY_UISupportedInterfaceOrientations = UIInterfaceOrientationPortrait;
				IPHONEOS_DEPLOYMENT_TARGET = 11.0;
				LD_RUNPATH_SEARCH_PATHS = (
					"$(inherited)",
					"@executable_path/Frameworks",
				);
				MARKETING_VERSION = 1.0;
				PRODUCT_BUNDLE_IDENTIFIER = "com.ait.ios.ait-template-lbtatools";
				PRODUCT_NAME = "$(TARGET_NAME)";
				SWIFT_EMIT_LOC_STRINGS = YES;
				SWIFT_VERSION = 5.0;
				TARGETED_DEVICE_FAMILY = "1,2";
			};
			name = Debug;
		};
		95F252E7292B152D00F61EFD /* Release */ = {
			isa = XCBuildConfiguration;
			buildSettings = {
				ASSETCATALOG_COMPILER_APPICON_NAME = AppIcon;
				ASSETCATALOG_COMPILER_GLOBAL_ACCENT_COLOR_NAME = AccentColor;
				CODE_SIGN_STYLE = Automatic;
				CURRENT_PROJECT_VERSION = 1;
				GENERATE_INFOPLIST_FILE = YES;
				INFOPLIST_FILE = ait_template_lbtatools/Others/Info.plist;
				INFOPLIST_KEY_UIApplicationSupportsIndirectInputEvents = YES;
				INFOPLIST_KEY_UILaunchStoryboardName = LaunchScreen;
				INFOPLIST_KEY_UIMainStoryboardFile = "";
				INFOPLIST_KEY_UISupportedInterfaceOrientations = UIInterfaceOrientationPortrait;
				IPHONEOS_DEPLOYMENT_TARGET = 11.0;
				LD_RUNPATH_SEARCH_PATHS = (
					"$(inherited)",
					"@executable_path/Frameworks",
				);
				MARKETING_VERSION = 1.0;
				PRODUCT_BUNDLE_IDENTIFIER = "com.ait.ios.ait-template-lbtatools";
				PRODUCT_NAME = "$(TARGET_NAME)";
				SWIFT_EMIT_LOC_STRINGS = YES;
				SWIFT_VERSION = 5.0;
				TARGETED_DEVICE_FAMILY = "1,2";
			};
			name = Release;
		};
/* End XCBuildConfiguration section */

/* Begin XCConfigurationList section */
		95F252CC292B152900F61EFD /* Build configuration list for PBXProject "ait_template_lbtatools" */ = {
			isa = XCConfigurationList;
			buildConfigurations = (
				95F252E3292B152D00F61EFD /* Debug */,
				95F252E4292B152D00F61EFD /* Release */,
			);
			defaultConfigurationIsVisible = 0;
			defaultConfigurationName = Release;
		};
		95F252E5292B152D00F61EFD /* Build configuration list for PBXNativeTarget "ait_template_lbtatools" */ = {
			isa = XCConfigurationList;
			buildConfigurations = (
				95F252E6292B152D00F61EFD /* Debug */,
				95F252E7292B152D00F61EFD /* Release */,
			);
			defaultConfigurationIsVisible = 0;
			defaultConfigurationName = Release;
		};
/* End XCConfigurationList section */

/* Begin XCRemoteSwiftPackageReference section */
		95014FFA2951C8840082CE47 /* XCRemoteSwiftPackageReference "AITBase" */ = {
			isa = XCRemoteSwiftPackageReference;
			repositoryURL = "https://github.com/PT-Akar-Inti-Teknologi/AITBase";
			requirement = {
				kind = upToNextMajorVersion;
				minimumVersion = 1.0.0;
			};
		};
		954B8764292BC5A3005F2ACB /* XCRemoteSwiftPackageReference "LBTATools" */ = {
			isa = XCRemoteSwiftPackageReference;
			repositoryURL = "https://github.com/bhlvoong/LBTATools";
			requirement = {
				kind = upToNextMajorVersion;
				minimumVersion = 1.0.0;
			};
		};
		95ECB924292BCCFC00B59E0A /* XCRemoteSwiftPackageReference "SnapKit" */ = {
			isa = XCRemoteSwiftPackageReference;
			repositoryURL = "https://github.com/SnapKit/SnapKit";
			requirement = {
				kind = upToNextMajorVersion;
				minimumVersion = 5.0.0;
			};
		};
/* End XCRemoteSwiftPackageReference section */

/* Begin XCSwiftPackageProductDependency section */
		95014FFB2951C8840082CE47 /* AITBase */ = {
			isa = XCSwiftPackageProductDependency;
			package = 95014FFA2951C8840082CE47 /* XCRemoteSwiftPackageReference "AITBase" */;
			productName = AITBase;
		};
		954B8765292BC5A3005F2ACB /* LBTATools */ = {
			isa = XCSwiftPackageProductDependency;
			package = 954B8764292BC5A3005F2ACB /* XCRemoteSwiftPackageReference "LBTATools" */;
			productName = LBTATools;
		};
		95ECB925292BCCFC00B59E0A /* SnapKit */ = {
			isa = XCSwiftPackageProductDependency;
			package = 95ECB924292BCCFC00B59E0A /* XCRemoteSwiftPackageReference "SnapKit" */;
			productName = SnapKit;
		};
/* End XCSwiftPackageProductDependency section */
	};
	rootObject = 95F252C9292B152900F61EFD /* Project object */;
}
